{
  "lockfile_version": "1",
  "packages": {
    "age": {
      "resolved": "github:NixOS/nixpkgs/4100e830e085863741bc69b156ec4ccd53ab5be0?narHash=sha256-NOF9NAREhxr50bbBfVcVOq%2BArCMSoe8dP79Pk2uyARk%3D#age",
      "source": "nixpkg"
    },
    "ansible": {
      "resolved": "github:NixOS/nixpkgs/4100e830e085863741bc69b156ec4ccd53ab5be0?narHash=sha256-NOF9NAREhxr50bbBfVcVOq%2BArCMSoe8dP79Pk2uyARk%3D#ansible",
      "source": "nixpkg"
    },
    "atuin": {
      "resolved": "github:NixOS/nixpkgs/4100e830e085863741bc69b156ec4ccd53ab5be0?narHash=sha256-NOF9NAREhxr50bbBfVcVOq%2BArCMSoe8dP79Pk2uyARk%3D#atuin",
      "source": "nixpkg"
    },
    "bat": {
      "resolved": "github:NixOS/nixpkgs/4100e830e085863741bc69b156ec4ccd53ab5be0?narHash=sha256-NOF9NAREhxr50bbBfVcVOq%2BArCMSoe8dP79Pk2uyARk%3D#bat",
      "source": "nixpkg"
    },
    "btop": {
      "resolved": "github:NixOS/nixpkgs/4100e830e085863741bc69b156ec4ccd53ab5be0?narHash=sha256-NOF9NAREhxr50bbBfVcVOq%2BArCMSoe8dP79Pk2uyARk%3D#btop",
      "source": "nixpkg"
    },
    "carapace": {
      "resolved": "github:NixOS/nixpkgs/4100e830e085863741bc69b156ec4ccd53ab5be0?narHash=sha256-NOF9NAREhxr50bbBfVcVOq%2BArCMSoe8dP79Pk2uyARk%3D#carapace",
      "source": "nixpkg"
    },
    "chezmoi": {
      "resolved": "github:NixOS/nixpkgs/4100e830e085863741bc69b156ec4ccd53ab5be0?narHash=sha256-NOF9NAREhxr50bbBfVcVOq%2BArCMSoe8dP79Pk2uyARk%3D#chezmoi",
      "source": "nixpkg"
    },
    "curl": {
      "resolved": "github:NixOS/nixpkgs/4100e830e085863741bc69b156ec4ccd53ab5be0?narHash=sha256-NOF9NAREhxr50bbBfVcVOq%2BArCMSoe8dP79Pk2uyARk%3D#curl",
      "source": "nixpkg",
      "systems": {
        "x86_64-linux": {
          "outputs": [
            {
              "name": "bin",
              "path": "/nix/store/0aha64svrrch155x78xhzn6kmgrrsl9a-curl-8.20.0-bin",
              "default": true
            },
            {
              "name": "man",
              "path": "/nix/store/zghy1pwbzdn7awhk7id00jlb83hk8y8v-curl-8.20.0-man",
              "default": true
            }
          ]
        }
      }
    },
    "delta": {
      "resolved": "github:NixOS/nixpkgs/4100e830e085863741bc69b156ec4ccd53ab5be0?narHash=sha256-NOF9NAREhxr50bbBfVcVOq%2BArCMSoe8dP79Pk2uyARk%3D#delta",
      "source": "nixpkg"
    },
    "direnv": {
      "resolved": "github:NixOS/nixpkgs/4100e830e085863741bc69b156ec4ccd53ab5be0?narHash=sha256-NOF9NAREhxr50bbBfVcVOq%2BArCMSoe8dP79Pk2uyARk%3D#direnv",
      "source": "nixpkg"
    },
    "dnsutils": {
      "resolved": "github:NixOS/nixpkgs/4100e830e085863741bc69b156ec4ccd53ab5be0?narHash=sha256-NOF9NAREhxr50bbBfVcVOq%2BArCMSoe8dP79Pk2uyARk%3D#dnsutils",
      "source": "nixpkg"
    },
    "docker-client": {
      "resolved": "github:NixOS/nixpkgs/4100e830e085863741bc69b156ec4ccd53ab5be0?narHash=sha256-NOF9NAREhxr50bbBfVcVOq%2BArCMSoe8dP79Pk2uyARk%3D#docker-client",
      "source": "nixpkg"
    },
    "docker-compose": {
      "resolved": "github:NixOS/nixpkgs/4100e830e085863741bc69b156ec4ccd53ab5be0?narHash=sha256-NOF9NAREhxr50bbBfVcVOq%2BArCMSoe8dP79Pk2uyARk%3D#docker-compose",
      "source": "nixpkg"
    },
    "duf": {
      "resolved": "github:NixOS/nixpkgs/4100e830e085863741bc69b156ec4ccd53ab5be0?narHash=sha256-NOF9NAREhxr50bbBfVcVOq%2BArCMSoe8dP79Pk2uyARk%3D#duf",
      "source": "nixpkg"
    },
    "eza": {
      "resolved": "github:NixOS/nixpkgs/4100e830e085863741bc69b156ec4ccd53ab5be0?narHash=sha256-NOF9NAREhxr50bbBfVcVOq%2BArCMSoe8dP79Pk2uyARk%3D#eza",
      "source": "nixpkg"
    },
    "fd": {
      "resolved": "github:NixOS/nixpkgs/4100e830e085863741bc69b156ec4ccd53ab5be0?narHash=sha256-NOF9NAREhxr50bbBfVcVOq%2BArCMSoe8dP79Pk2uyARk%3D#fd",
      "source": "nixpkg",
      "systems": {
        "x86_64-linux": {
          "outputs": [
            {
              "path": "/nix/store/wci2b3l9gs8nq3alx6czffsq55bg44cv-fd-10.4.2",
              "default": true
            }
          ]
        }
      }
    },
    "fzf": {
      "resolved": "github:NixOS/nixpkgs/4100e830e085863741bc69b156ec4ccd53ab5be0?narHash=sha256-NOF9NAREhxr50bbBfVcVOq%2BArCMSoe8dP79Pk2uyARk%3D#fzf",
      "source": "nixpkg"
    },
    "gcc": {
      "resolved": "github:NixOS/nixpkgs/4100e830e085863741bc69b156ec4ccd53ab5be0?narHash=sha256-NOF9NAREhxr50bbBfVcVOq%2BArCMSoe8dP79Pk2uyARk%3D#gcc",
      "source": "nixpkg"
    },
    "gh": {
      "resolved": "github:NixOS/nixpkgs/4100e830e085863741bc69b156ec4ccd53ab5be0?narHash=sha256-NOF9NAREhxr50bbBfVcVOq%2BArCMSoe8dP79Pk2uyARk%3D#gh",
      "source": "nixpkg"
    },
    "git": {
      "resolved": "github:NixOS/nixpkgs/4100e830e085863741bc69b156ec4ccd53ab5be0?narHash=sha256-NOF9NAREhxr50bbBfVcVOq%2BArCMSoe8dP79Pk2uyARk%3D#git",
      "source": "nixpkg",
      "systems": {
        "x86_64-linux": {
          "outputs": [
            {
              "path": "/nix/store/bcnisk3ydfgv26v2gw3zlky24g00yww2-git-2.54.0",
              "default": true
            }
          ]
        }
      }
    },
    "github:NixOS/nixpkgs/nixpkgs-unstable": {
      "last_modified": "2026-05-27T10:28:13Z",
      "resolved": "github:NixOS/nixpkgs/4100e830e085863741bc69b156ec4ccd53ab5be0?lastModified=1779877693&narHash=sha256-NOF9NAREhxr50bbBfVcVOq%2BArCMSoe8dP79Pk2uyARk%3D"
    },
    "gnumake": {
      "resolved": "github:NixOS/nixpkgs/4100e830e085863741bc69b156ec4ccd53ab5be0?narHash=sha256-NOF9NAREhxr50bbBfVcVOq%2BArCMSoe8dP79Pk2uyARk%3D#gnumake",
      "source": "nixpkg"
    },
    "go": {
      "resolved": "github:NixOS/nixpkgs/4100e830e085863741bc69b156ec4ccd53ab5be0?narHash=sha256-NOF9NAREhxr50bbBfVcVOq%2BArCMSoe8dP79Pk2uyARk%3D#go",
      "source": "nixpkg"
    },
    "htop": {
      "resolved": "github:NixOS/nixpkgs/4100e830e085863741bc69b156ec4ccd53ab5be0?narHash=sha256-NOF9NAREhxr50bbBfVcVOq%2BArCMSoe8dP79Pk2uyARk%3D#htop",
      "source": "nixpkg"
    },
    "httpie": {
      "resolved": "github:NixOS/nixpkgs/4100e830e085863741bc69b156ec4ccd53ab5be0?narHash=sha256-NOF9NAREhxr50bbBfVcVOq%2BArCMSoe8dP79Pk2uyARk%3D#httpie",
      "source": "nixpkg"
    },
    "jq": {
      "resolved": "github:NixOS/nixpkgs/4100e830e085863741bc69b156ec4ccd53ab5be0?narHash=sha256-NOF9NAREhxr50bbBfVcVOq%2BArCMSoe8dP79Pk2uyARk%3D#jq",
      "source": "nixpkg"
    },
    "just": {
      "resolved": "github:NixOS/nixpkgs/4100e830e085863741bc69b156ec4ccd53ab5be0?narHash=sha256-NOF9NAREhxr50bbBfVcVOq%2BArCMSoe8dP79Pk2uyARk%3D#just",
      "source": "nixpkg"
    },
    "k9s": {
      "resolved": "github:NixOS/nixpkgs/4100e830e085863741bc69b156ec4ccd53ab5be0?narHash=sha256-NOF9NAREhxr50bbBfVcVOq%2BArCMSoe8dP79Pk2uyARk%3D#k9s",
      "source": "nixpkg"
    },
    "kubectl": {
      "resolved": "github:NixOS/nixpkgs/4100e830e085863741bc69b156ec4ccd53ab5be0?narHash=sha256-NOF9NAREhxr50bbBfVcVOq%2BArCMSoe8dP79Pk2uyARk%3D#kubectl",
      "source": "nixpkg"
    },
    "kubernetes-helm": {
      "resolved": "github:NixOS/nixpkgs/4100e830e085863741bc69b156ec4ccd53ab5be0?narHash=sha256-NOF9NAREhxr50bbBfVcVOq%2BArCMSoe8dP79Pk2uyARk%3D#kubernetes-helm",
      "source": "nixpkg"
    },
    "lazygit": {
      "resolved": "github:NixOS/nixpkgs/4100e830e085863741bc69b156ec4ccd53ab5be0?narHash=sha256-NOF9NAREhxr50bbBfVcVOq%2BArCMSoe8dP79Pk2uyARk%3D#lazygit",
      "source": "nixpkg"
    },
    "mtr": {
      "resolved": "github:NixOS/nixpkgs/4100e830e085863741bc69b156ec4ccd53ab5be0?narHash=sha256-NOF9NAREhxr50bbBfVcVOq%2BArCMSoe8dP79Pk2uyARk%3D#mtr",
      "source": "nixpkg"
    },
    "ncdu": {
      "resolved": "github:NixOS/nixpkgs/4100e830e085863741bc69b156ec4ccd53ab5be0?narHash=sha256-NOF9NAREhxr50bbBfVcVOq%2BArCMSoe8dP79Pk2uyARk%3D#ncdu",
      "source": "nixpkg"
    },
    "neovim@latest": {
      "last_modified": "2026-05-21T08:15:18Z",
      "resolved": "github:NixOS/nixpkgs/4a29d733e8a7d5b824c3d8c958a946a9867b3eb2#neovim",
      "source": "devbox-search",
      "version": "0.12.2",
      "systems": {
        "aarch64-darwin": {
          "outputs": [
            {
              "name": "out",
              "path": "/nix/store/kcaffsrfi0nvj3pb3lqclhkl0i7vdl4q-neovim-0.12.2",
              "default": true
            }
          ],
          "store_path": "/nix/store/kcaffsrfi0nvj3pb3lqclhkl0i7vdl4q-neovim-0.12.2"
        },
        "aarch64-linux": {
          "outputs": [
            {
              "name": "out",
              "path": "/nix/store/bpi01irygjkwcxr4wmgnnfxv7qnbq6qj-neovim-0.12.2",
              "default": true
            }
          ],
          "store_path": "/nix/store/bpi01irygjkwcxr4wmgnnfxv7qnbq6qj-neovim-0.12.2"
        },
        "x86_64-darwin": {
          "outputs": [
            {
              "name": "out",
              "path": "/nix/store/fxkcplk164c47dy7igfvmcs52azlzw31-neovim-0.12.2",
              "default": true
            }
          ],
          "store_path": "/nix/store/fxkcplk164c47dy7igfvmcs52azlzw31-neovim-0.12.2"
        },
        "x86_64-linux": {
          "outputs": [
            {
              "name": "out",
              "path": "/nix/store/7idwf19b7b53wn7rznqgccymyif7kmwh-neovim-0.12.2",
              "default": true
            }
          ],
          "store_path": "/nix/store/7idwf19b7b53wn7rznqgccymyif7kmwh-neovim-0.12.2"
        }
      }
    },
    "nmap": {
      "resolved": "github:NixOS/nixpkgs/4100e830e085863741bc69b156ec4ccd53ab5be0?narHash=sha256-NOF9NAREhxr50bbBfVcVOq%2BArCMSoe8dP79Pk2uyARk%3D#nmap",
      "source": "nixpkg"
    },
    "nodejs@22": {
      "last_modified": "2026-05-21T08:15:18Z",
      "plugin_version": "0.0.2",
      "resolved": "github:NixOS/nixpkgs/4a29d733e8a7d5b824c3d8c958a946a9867b3eb2#nodejs_22",
      "source": "devbox-search",
      "version": "22.22.3",
      "systems": {
        "aarch64-darwin": {
          "outputs": [
            {
              "name": "out",
              "path": "/nix/store/k1yy2d1h7pvpac7m14vmaw23j529fpza-nodejs-22.22.3",
              "default": true
            }
          ],
          "store_path": "/nix/store/k1yy2d1h7pvpac7m14vmaw23j529fpza-nodejs-22.22.3"
        },
        "aarch64-linux": {
          "outputs": [
            {
              "name": "out",
              "path": "/nix/store/d8zana2n6i904c088i533ivg1j817x8v-nodejs-22.22.3",
              "default": true
            }
          ],
          "store_path": "/nix/store/d8zana2n6i904c088i533ivg1j817x8v-nodejs-22.22.3"
        },
        "x86_64-darwin": {
          "outputs": [
            {
              "name": "out",
              "path": "/nix/store/9yvmgryhhwnswgaji30cpw4m9swhv1ia-nodejs-22.22.3",
              "default": true
            }
          ],
          "store_path": "/nix/store/9yvmgryhhwnswgaji30cpw4m9swhv1ia-nodejs-22.22.3"
        },
        "x86_64-linux": {
          "outputs": [
            {
              "name": "out",
              "path": "/nix/store/ac9bklddx1klg92hj7r08xmpky1nwag2-nodejs-22.22.3",
              "default": true
            }
          ],
          "store_path": "/nix/store/ac9bklddx1klg92hj7r08xmpky1nwag2-nodejs-22.22.3"
        }
      }
    },
    "openssl": {
      "resolved": "github:NixOS/nixpkgs/4100e830e085863741bc69b156ec4ccd53ab5be0?narHash=sha256-NOF9NAREhxr50bbBfVcVOq%2BArCMSoe8dP79Pk2uyARk%3D#openssl",
      "source": "nixpkg"
    },
    "opentofu": {
      "resolved": "github:NixOS/nixpkgs/4100e830e085863741bc69b156ec4ccd53ab5be0?narHash=sha256-NOF9NAREhxr50bbBfVcVOq%2BArCMSoe8dP79Pk2uyARk%3D#opentofu",
      "source": "nixpkg"
    },
    "pre-commit": {
      "resolved": "github:NixOS/nixpkgs/4100e830e085863741bc69b156ec4ccd53ab5be0?narHash=sha256-NOF9NAREhxr50bbBfVcVOq%2BArCMSoe8dP79Pk2uyARk%3D#pre-commit",
      "source": "nixpkg"
    },
    "python312": {
      "plugin_version": "0.0.4",
      "resolved": "github:NixOS/nixpkgs/4100e830e085863741bc69b156ec4ccd53ab5be0?narHash=sha256-NOF9NAREhxr50bbBfVcVOq%2BArCMSoe8dP79Pk2uyARk%3D#python312",
      "source": "nixpkg"
    },
    "python312Packages.pip": {
      "resolved": "github:NixOS/nixpkgs/4100e830e085863741bc69b156ec4ccd53ab5be0?narHash=sha256-NOF9NAREhxr50bbBfVcVOq%2BArCMSoe8dP79Pk2uyARk%3D#python312Packages.pip",
      "source": "nixpkg"
    },
    "ripgrep": {
      "resolved": "github:NixOS/nixpkgs/4100e830e085863741bc69b156ec4ccd53ab5be0?narHash=sha256-NOF9NAREhxr50bbBfVcVOq%2BArCMSoe8dP79Pk2uyARk%3D#ripgrep",
      "source": "nixpkg",
      "systems": {
        "x86_64-linux": {
          "outputs": [
            {
              "path": "/nix/store/ixsp81bia5w1fqd2d59vwbcfqk3n5231-ripgrep-15.1.0",
              "default": true
            }
          ]
        }
      }
    },
    "rsync": {
      "resolved": "github:NixOS/nixpkgs/4100e830e085863741bc69b156ec4ccd53ab5be0?narHash=sha256-NOF9NAREhxr50bbBfVcVOq%2BArCMSoe8dP79Pk2uyARk%3D#rsync",
      "source": "nixpkg"
    },
    "rustup": {
      "plugin_version": "0.0.1",
      "resolved": "github:NixOS/nixpkgs/4100e830e085863741bc69b156ec4ccd53ab5be0?narHash=sha256-NOF9NAREhxr50bbBfVcVOq%2BArCMSoe8dP79Pk2uyARk%3D#rustup",
      "source": "nixpkg"
    },
    "shellcheck": {
      "resolved": "github:NixOS/nixpkgs/4100e830e085863741bc69b156ec4ccd53ab5be0?narHash=sha256-NOF9NAREhxr50bbBfVcVOq%2BArCMSoe8dP79Pk2uyARk%3D#shellcheck",
      "source": "nixpkg"
    },
    "shfmt": {
      "resolved": "github:NixOS/nixpkgs/4100e830e085863741bc69b156ec4ccd53ab5be0?narHash=sha256-NOF9NAREhxr50bbBfVcVOq%2BArCMSoe8dP79Pk2uyARk%3D#shfmt",
      "source": "nixpkg"
    },
    "sops": {
      "resolved": "github:NixOS/nixpkgs/4100e830e085863741bc69b156ec4ccd53ab5be0?narHash=sha256-NOF9NAREhxr50bbBfVcVOq%2BArCMSoe8dP79Pk2uyARk%3D#sops",
      "source": "nixpkg"
    },
    "tcpdump": {
      "resolved": "github:NixOS/nixpkgs/4100e830e085863741bc69b156ec4ccd53ab5be0?narHash=sha256-NOF9NAREhxr50bbBfVcVOq%2BArCMSoe8dP79Pk2uyARk%3D#tcpdump",
      "source": "nixpkg"
    },
    "terraform": {
      "resolved": "github:NixOS/nixpkgs/4100e830e085863741bc69b156ec4ccd53ab5be0?narHash=sha256-NOF9NAREhxr50bbBfVcVOq%2BArCMSoe8dP79Pk2uyARk%3D#terraform",
      "source": "nixpkg"
    },
    "tree": {
      "resolved": "github:NixOS/nixpkgs/4100e830e085863741bc69b156ec4ccd53ab5be0?narHash=sha256-NOF9NAREhxr50bbBfVcVOq%2BArCMSoe8dP79Pk2uyARk%3D#tree",
      "source": "nixpkg"
    },
    "unzip": {
      "resolved": "github:NixOS/nixpkgs/4100e830e085863741bc69b156ec4ccd53ab5be0?narHash=sha256-NOF9NAREhxr50bbBfVcVOq%2BArCMSoe8dP79Pk2uyARk%3D#unzip",
      "source": "nixpkg",
      "systems": {
        "x86_64-linux": {
          "outputs": [
            {
              "path": "/nix/store/mhw4sjc1rz4zmb3vkdinvfm7ym96fazx-unzip-6.0",
              "default": true
            }
          ]
        }
      }
    },
    "uv": {
      "resolved": "github:NixOS/nixpkgs/4100e830e085863741bc69b156ec4ccd53ab5be0?narHash=sha256-NOF9NAREhxr50bbBfVcVOq%2BArCMSoe8dP79Pk2uyARk%3D#uv",
      "source": "nixpkg"
    },
    "wget": {
      "resolved": "github:NixOS/nixpkgs/4100e830e085863741bc69b156ec4ccd53ab5be0?narHash=sha256-NOF9NAREhxr50bbBfVcVOq%2BArCMSoe8dP79Pk2uyARk%3D#wget",
      "source": "nixpkg"
    },
    "whois": {
      "resolved": "github:NixOS/nixpkgs/4100e830e085863741bc69b156ec4ccd53ab5be0?narHash=sha256-NOF9NAREhxr50bbBfVcVOq%2BArCMSoe8dP79Pk2uyARk%3D#whois",
      "source": "nixpkg"
    },
    "xh": {
      "resolved": "github:NixOS/nixpkgs/4100e830e085863741bc69b156ec4ccd53ab5be0?narHash=sha256-NOF9NAREhxr50bbBfVcVOq%2BArCMSoe8dP79Pk2uyARk%3D#xh",
      "source": "nixpkg"
    },
    "yq": {
      "resolved": "github:NixOS/nixpkgs/4100e830e085863741bc69b156ec4ccd53ab5be0?narHash=sha256-NOF9NAREhxr50bbBfVcVOq%2BArCMSoe8dP79Pk2uyARk%3D#yq",
      "source": "nixpkg"
    },
    "zellij@latest": {
      "last_modified": "2026-05-27T10:28:13Z",
      "resolved": "github:NixOS/nixpkgs/4100e830e085863741bc69b156ec4ccd53ab5be0#zellij",
      "source": "devbox-search",
      "version": "0.44.3",
      "systems": {
        "aarch64-darwin": {
          "outputs": [
            {
              "name": "out",
              "path": "/nix/store/khnkylhynlllijm2cp2dxvy4i7vzmr8k-zellij-0.44.3",
              "default": true
            }
          ],
          "store_path": "/nix/store/khnkylhynlllijm2cp2dxvy4i7vzmr8k-zellij-0.44.3"
        },
        "aarch64-linux": {
          "outputs": [
            {
              "name": "out",
              "path": "/nix/store/bkdcwbw47fbf6pz3iywbgmcqp5yyga1a-zellij-0.44.3",
              "default": true
            }
          ],
          "store_path": "/nix/store/bkdcwbw47fbf6pz3iywbgmcqp5yyga1a-zellij-0.44.3"
        },
        "x86_64-darwin": {
          "outputs": [
            {
              "name": "out",
              "path": "/nix/store/d65d84iwgkkpqadv6g5rgqrc4kvndcsa-zellij-0.44.3",
              "default": true
            }
          ],
          "store_path": "/nix/store/d65d84iwgkkpqadv6g5rgqrc4kvndcsa-zellij-0.44.3"
        },
        "x86_64-linux": {
          "outputs": [
            {
              "name": "out",
              "path": "/nix/store/557l8d2jcfrxxwkjzvjzbi0j4wkzyklm-zellij-0.44.3",
              "default": true
            }
          ],
          "store_path": "/nix/store/557l8d2jcfrxxwkjzvjzbi0j4wkzyklm-zellij-0.44.3"
        }
      }
    },
    "zoxide": {
      "resolved": "github:NixOS/nixpkgs/4100e830e085863741bc69b156ec4ccd53ab5be0?narHash=sha256-NOF9NAREhxr50bbBfVcVOq%2BArCMSoe8dP79Pk2uyARk%3D#zoxide",
      "source": "nixpkg"
    },
    "zsh-autocomplete": {
      "resolved": "github:NixOS/nixpkgs/4100e830e085863741bc69b156ec4ccd53ab5be0?narHash=sha256-NOF9NAREhxr50bbBfVcVOq%2BArCMSoe8dP79Pk2uyARk%3D#zsh-autocomplete",
      "source": "nixpkg"
    },
    "zsh-autosuggestions": {
      "resolved": "github:NixOS/nixpkgs/4100e830e085863741bc69b156ec4ccd53ab5be0?narHash=sha256-NOF9NAREhxr50bbBfVcVOq%2BArCMSoe8dP79Pk2uyARk%3D#zsh-autosuggestions",
      "source": "nixpkg"
    },
    "zsh-powerlevel10k": {
      "resolved": "github:NixOS/nixpkgs/4100e830e085863741bc69b156ec4ccd53ab5be0?narHash=sha256-NOF9NAREhxr50bbBfVcVOq%2BArCMSoe8dP79Pk2uyARk%3D#zsh-powerlevel10k",
      "source": "nixpkg"
    },
    "zsh-syntax-highlighting": {
      "resolved": "github:NixOS/nixpkgs/4100e830e085863741bc69b156ec4ccd53ab5be0?narHash=sha256-NOF9NAREhxr50bbBfVcVOq%2BArCMSoe8dP79Pk2uyARk%3D#zsh-syntax-highlighting",
      "source": "nixpkg"
    },
    "zsh@latest": {
      "last_modified": "2026-05-22T01:51:30Z",
      "resolved": "github:NixOS/nixpkgs/6dedf69f94d03cbe7bdde106f2d4c23ae2a853bf#zsh",
      "source": "devbox-search",
      "version": "5.9",
      "systems": {
        "aarch64-darwin": {
          "outputs": [
            {
              "name": "out",
              "path": "/nix/store/cn9bx1247d91ng6kg5v8fm078khn83vx-zsh-5.9",
              "default": true
            },
            {
              "name": "man",
              "path": "/nix/store/kp2l7aamacvpsiwbqa7mva5p58mm56j1-zsh-5.9-man",
              "default": true
            },
            {
              "name": "doc",
              "path": "/nix/store/filg7msvd3jb7i0yhzn4lala1m57zyzk-zsh-5.9-doc"
            },
            {
              "name": "info",
              "path": "/nix/store/ccywkc6nkfrf0vvm8plmdly8jc3b16wc-zsh-5.9-info"
            }
          ],
          "store_path": "/nix/store/cn9bx1247d91ng6kg5v8fm078khn83vx-zsh-5.9"
        },
        "aarch64-linux": {
          "outputs": [
            {
              "name": "out",
              "path": "/nix/store/8kd19j6n9qh9iq89d7d0xdvnsfjam1zw-zsh-5.9",
              "default": true
            },
            {
              "name": "man",
              "path": "/nix/store/6nr3jisd49zgh2zhl0qnjmq2a9hkjc97-zsh-5.9-man",
              "default": true
            },
            {
              "name": "doc",
              "path": "/nix/store/z27frlh94avy89yajw870vz1gnfyaygh-zsh-5.9-doc"
            },
            {
              "name": "info",
              "path": "/nix/store/8markq3wflbdxq3gyfg536blc53xyvf2-zsh-5.9-info"
            }
          ],
          "store_path": "/nix/store/8kd19j6n9qh9iq89d7d0xdvnsfjam1zw-zsh-5.9"
        },
        "x86_64-darwin": {
          "outputs": [
            {
              "name": "out",
              "path": "/nix/store/wjphvgb9dvwkkkfwzlgsn8fk9p4hadba-zsh-5.9",
              "default": true
            },
            {
              "name": "man",
              "path": "/nix/store/f77b1mzflq718ngncdhnf80db3a9nqwd-zsh-5.9-man",
              "default": true
            },
            {
              "name": "doc",
              "path": "/nix/store/vy3ald4lfrdzgh5kihxjhw185wglwxb1-zsh-5.9-doc"
            },
            {
              "name": "info",
              "path": "/nix/store/3cd0i36xhmhp7ycbljhcrqlvwnm6a6l7-zsh-5.9-info"
            }
          ],
          "store_path": "/nix/store/wjphvgb9dvwkkkfwzlgsn8fk9p4hadba-zsh-5.9"
        },
        "x86_64-linux": {
          "outputs": [
            {
              "name": "out",
              "path": "/nix/store/358sk8371mkz87iq17kw4qcyyi6sps0k-zsh-5.9",
              "default": true
            },
            {
              "name": "man",
              "path": "/nix/store/bpl4lnfpplxsh80xj0gsrs28ndz083d4-zsh-5.9-man",
              "default": true
            },
            {
              "name": "doc",
              "path": "/nix/store/cfllzn7v4dv1rcfv8qhrqiy94xgwfdai-zsh-5.9-doc"
            },
            {
              "name": "info",
              "path": "/nix/store/2m027fq2g09zzz5ry5qpk83vajggh3sq-zsh-5.9-info"
            }
          ],
          "store_path": "/nix/store/358sk8371mkz87iq17kw4qcyyi6sps0k-zsh-5.9"
        }
      }
    }
  }
}
