{
  "lockfile_version": "1",
  "packages": {
    "age": {
      "resolved": "github:NixOS/nixpkgs/4100e830e085863741bc69b156ec4ccd53ab5be0?narHash=sha256-NOF9NAREhxr50bbBfVcVOq%2BArCMSoe8dP79Pk2uyARk%3D#age",
      "source": "nixpkg",
      "systems": {
        "x86_64-linux": {
          "outputs": [
            {
              "path": "/nix/store/ipcrbbd4c60cdf5wrx5zw6z3a8f0p4cp-age-1.3.1",
              "default": true
            }
          ]
        }
      }
    },
    "ansible": {
      "resolved": "github:NixOS/nixpkgs/4100e830e085863741bc69b156ec4ccd53ab5be0?narHash=sha256-NOF9NAREhxr50bbBfVcVOq%2BArCMSoe8dP79Pk2uyARk%3D#ansible",
      "source": "nixpkg",
      "systems": {
        "x86_64-linux": {
          "outputs": [
            {
              "path": "/nix/store/sr4nqab44kq89pg5zyxyfc10cxngsxk3-python3.13-ansible-core-2.21.0",
              "default": true
            }
          ]
        }
      }
    },
    "atuin": {
      "resolved": "github:NixOS/nixpkgs/4100e830e085863741bc69b156ec4ccd53ab5be0?narHash=sha256-NOF9NAREhxr50bbBfVcVOq%2BArCMSoe8dP79Pk2uyARk%3D#atuin",
      "source": "nixpkg",
      "systems": {
        "x86_64-linux": {
          "outputs": [
            {
              "path": "/nix/store/sz7rawzyjpixy5yqgad9rlij3gp48bp3-atuin-18.16.1",
              "default": true
            }
          ]
        }
      }
    },
    "bat": {
      "resolved": "github:NixOS/nixpkgs/4100e830e085863741bc69b156ec4ccd53ab5be0?narHash=sha256-NOF9NAREhxr50bbBfVcVOq%2BArCMSoe8dP79Pk2uyARk%3D#bat",
      "source": "nixpkg",
      "systems": {
        "x86_64-linux": {
          "outputs": [
            {
              "path": "/nix/store/ryfh6hspp28libl3mlw5sv64giq5iasi-bat-0.26.1",
              "default": true
            }
          ]
        }
      }
    },
    "btop": {
      "resolved": "github:NixOS/nixpkgs/4100e830e085863741bc69b156ec4ccd53ab5be0?narHash=sha256-NOF9NAREhxr50bbBfVcVOq%2BArCMSoe8dP79Pk2uyARk%3D#btop",
      "source": "nixpkg",
      "systems": {
        "x86_64-linux": {
          "outputs": [
            {
              "path": "/nix/store/d2a48mxsm97f6p63yzrs8h50xp9ifcqj-btop-1.4.7",
              "default": true
            }
          ]
        }
      }
    },
    "carapace": {
      "resolved": "github:NixOS/nixpkgs/4100e830e085863741bc69b156ec4ccd53ab5be0?narHash=sha256-NOF9NAREhxr50bbBfVcVOq%2BArCMSoe8dP79Pk2uyARk%3D#carapace",
      "source": "nixpkg",
      "systems": {
        "x86_64-linux": {
          "outputs": [
            {
              "path": "/nix/store/7y85jx151zndxx1yyanlqfbrz6i6p165-carapace-1.6.3",
              "default": true
            }
          ]
        }
      }
    },
    "chezmoi": {
      "resolved": "github:NixOS/nixpkgs/4100e830e085863741bc69b156ec4ccd53ab5be0?narHash=sha256-NOF9NAREhxr50bbBfVcVOq%2BArCMSoe8dP79Pk2uyARk%3D#chezmoi",
      "source": "nixpkg",
      "systems": {
        "x86_64-linux": {
          "outputs": [
            {
              "path": "/nix/store/nx3v4n248pf9g8xg09xqz8sb1m4pdpkz-chezmoi-2.70.3",
              "default": true
            }
          ]
        }
      }
    },
    "curl": {
      "resolved": "github:NixOS/nixpkgs/4100e830e085863741bc69b156ec4ccd53ab5be0?narHash=sha256-NOF9NAREhxr50bbBfVcVOq%2BArCMSoe8dP79Pk2uyARk%3D#curl",
      "source": "nixpkg",
      "systems": {
        "x86_64-linux": {
          "outputs": [
            {
              "name": "man",
              "path": "/nix/store/zghy1pwbzdn7awhk7id00jlb83hk8y8v-curl-8.20.0-man",
              "default": true
            },
            {
              "name": "bin",
              "path": "/nix/store/0aha64svrrch155x78xhzn6kmgrrsl9a-curl-8.20.0-bin",
              "default": true
            }
          ]
        }
      }
    },
    "delta": {
      "resolved": "github:NixOS/nixpkgs/4100e830e085863741bc69b156ec4ccd53ab5be0?narHash=sha256-NOF9NAREhxr50bbBfVcVOq%2BArCMSoe8dP79Pk2uyARk%3D#delta",
      "source": "nixpkg",
      "systems": {
        "x86_64-linux": {
          "outputs": [
            {
              "path": "/nix/store/hbxz2p9qsjq7hjmj41p40saanlih22bd-delta-0.19.2",
              "default": true
            }
          ]
        }
      }
    },
    "direnv": {
      "resolved": "github:NixOS/nixpkgs/4100e830e085863741bc69b156ec4ccd53ab5be0?narHash=sha256-NOF9NAREhxr50bbBfVcVOq%2BArCMSoe8dP79Pk2uyARk%3D#direnv",
      "source": "nixpkg",
      "systems": {
        "x86_64-linux": {
          "outputs": [
            {
              "path": "/nix/store/7i5ac4459q4jvr49bi7rbr41k8kx6b29-direnv-2.37.1",
              "default": true
            }
          ]
        }
      }
    },
    "dnsutils": {
      "resolved": "github:NixOS/nixpkgs/4100e830e085863741bc69b156ec4ccd53ab5be0?narHash=sha256-NOF9NAREhxr50bbBfVcVOq%2BArCMSoe8dP79Pk2uyARk%3D#dnsutils",
      "source": "nixpkg",
      "systems": {
        "x86_64-linux": {
          "outputs": [
            {
              "name": "dnsutils",
              "path": "/nix/store/vkpg04x3sjg38jszwi13xz8pnxrnrf9n-bind-9.20.23-dnsutils",
              "default": true
            }
          ]
        }
      }
    },
    "docker-client": {
      "resolved": "github:NixOS/nixpkgs/4100e830e085863741bc69b156ec4ccd53ab5be0?narHash=sha256-NOF9NAREhxr50bbBfVcVOq%2BArCMSoe8dP79Pk2uyARk%3D#docker-client",
      "source": "nixpkg",
      "systems": {
        "x86_64-linux": {
          "outputs": [
            {
              "path": "/nix/store/gla5h7ig435y9jj5z0nfbsm7f1jfdf0b-docker-29.5.1",
              "default": true
            }
          ]
        }
      }
    },
    "docker-compose": {
      "resolved": "github:NixOS/nixpkgs/4100e830e085863741bc69b156ec4ccd53ab5be0?narHash=sha256-NOF9NAREhxr50bbBfVcVOq%2BArCMSoe8dP79Pk2uyARk%3D#docker-compose",
      "source": "nixpkg",
      "systems": {
        "x86_64-linux": {
          "outputs": [
            {
              "path": "/nix/store/10lkwjrsagc44zs0vn3gzpy12vjgi91b-docker-compose-5.1.4",
              "default": true
            }
          ]
        }
      }
    },
    "duf": {
      "resolved": "github:NixOS/nixpkgs/4100e830e085863741bc69b156ec4ccd53ab5be0?narHash=sha256-NOF9NAREhxr50bbBfVcVOq%2BArCMSoe8dP79Pk2uyARk%3D#duf",
      "source": "nixpkg",
      "systems": {
        "x86_64-linux": {
          "outputs": [
            {
              "path": "/nix/store/la840rl1lh9yxkwwfkgd8d05g21mcbmv-duf-0.9.1",
              "default": true
            }
          ]
        }
      }
    },
    "eza": {
      "resolved": "github:NixOS/nixpkgs/4100e830e085863741bc69b156ec4ccd53ab5be0?narHash=sha256-NOF9NAREhxr50bbBfVcVOq%2BArCMSoe8dP79Pk2uyARk%3D#eza",
      "source": "nixpkg",
      "systems": {
        "x86_64-linux": {
          "outputs": [
            {
              "path": "/nix/store/algax0xxwi6vdl6m63zpz9wz4p2hknqk-eza-0.23.4",
              "default": true
            },
            {
              "name": "man",
              "path": "/nix/store/l94fhh9kb92y98mvqvbgpcdp62ffigmx-eza-0.23.4-man",
              "default": true
            }
          ]
        }
      }
    },
    "fd": {
      "resolved": "github:NixOS/nixpkgs/4100e830e085863741bc69b156ec4ccd53ab5be0?narHash=sha256-NOF9NAREhxr50bbBfVcVOq%2BArCMSoe8dP79Pk2uyARk%3D#fd",
      "source": "nixpkg",
      "systems": {
        "x86_64-linux": {
          "outputs": [
            {
              "path": "/nix/store/wci2b3l9gs8nq3alx6czffsq55bg44cv-fd-10.4.2",
              "default": true
            }
          ]
        }
      }
    },
    "fzf": {
      "resolved": "github:NixOS/nixpkgs/4100e830e085863741bc69b156ec4ccd53ab5be0?narHash=sha256-NOF9NAREhxr50bbBfVcVOq%2BArCMSoe8dP79Pk2uyARk%3D#fzf",
      "source": "nixpkg",
      "systems": {
        "x86_64-linux": {
          "outputs": [
            {
              "name": "man",
              "path": "/nix/store/v4rwmla9l2b02373vpyq5lskdffhjfgx-fzf-0.73.1-man",
              "default": true
            },
            {
              "path": "/nix/store/pmddi2yfyf2ldrngm9yr4qa2q8mssa59-fzf-0.73.1",
              "default": true
            }
          ]
        }
      }
    },
    "gcc": {
      "resolved": "github:NixOS/nixpkgs/4100e830e085863741bc69b156ec4ccd53ab5be0?narHash=sha256-NOF9NAREhxr50bbBfVcVOq%2BArCMSoe8dP79Pk2uyARk%3D#gcc",
      "source": "nixpkg",
      "systems": {
        "x86_64-linux": {
          "outputs": [
            {
              "path": "/nix/store/788mx070y81zjlg5ipcl0cra3afviw9k-gcc-wrapper-15.2.0",
              "default": true
            },
            {
              "name": "man",
              "path": "/nix/store/r35yg8h1w630r3lmnyglwhv5nvk284mx-gcc-wrapper-15.2.0-man",
              "default": true
            }
          ]
        }
      }
    },
    "gh": {
      "resolved": "github:NixOS/nixpkgs/4100e830e085863741bc69b156ec4ccd53ab5be0?narHash=sha256-NOF9NAREhxr50bbBfVcVOq%2BArCMSoe8dP79Pk2uyARk%3D#gh",
      "source": "nixpkg",
      "systems": {
        "x86_64-linux": {
          "outputs": [
            {
              "path": "/nix/store/d0r9xzcpv8xcjds6z1w03wyqi6iv30af-gh-2.92.0",
              "default": true
            }
          ]
        }
      }
    },
    "git@latest": {
      "last_modified": "2026-05-26T09:13:58Z",
      "resolved": "github:NixOS/nixpkgs/f44f7788c891fbe5542177df78374f8cdab10e8f#git",
      "source": "devbox-search",
      "version": "2.54.0",
      "systems": {
        "aarch64-darwin": {
          "outputs": [
            {
              "name": "out",
              "path": "/nix/store/a14yxcqvv9x2l9mllgpirzhvz93pgprg-git-2.54.0",
              "default": true
            },
            {
              "name": "doc",
              "path": "/nix/store/zn8gmbxxf5398hxg6y6nk5jimj85qj69-git-2.54.0-doc"
            }
          ],
          "store_path": "/nix/store/a14yxcqvv9x2l9mllgpirzhvz93pgprg-git-2.54.0"
        },
        "aarch64-linux": {
          "outputs": [
            {
              "name": "out",
              "path": "/nix/store/ixp98f9avf8ikpdrmp40cj33g0dazyp9-git-2.54.0",
              "default": true
            },
            {
              "name": "debug",
              "path": "/nix/store/c7mafmqf28l7898rpbqqkd0p3m42hc03-git-2.54.0-debug"
            },
            {
              "name": "doc",
              "path": "/nix/store/klwr4n2snj7ldlpkhwarwlif80myx0vj-git-2.54.0-doc"
            }
          ],
          "store_path": "/nix/store/ixp98f9avf8ikpdrmp40cj33g0dazyp9-git-2.54.0"
        },
        "x86_64-darwin": {
          "outputs": [
            {
              "name": "out",
              "path": "/nix/store/s9lsrlgwr3sabw9a2dl3laykas0ijk85-git-2.54.0",
              "default": true
            },
            {
              "name": "doc",
              "path": "/nix/store/agyxy5ay4x06b52mj24rz44fc82328ha-git-2.54.0-doc"
            }
          ],
          "store_path": "/nix/store/s9lsrlgwr3sabw9a2dl3laykas0ijk85-git-2.54.0"
        },
        "x86_64-linux": {
          "outputs": [
            {
              "name": "out",
              "path": "/nix/store/bcnisk3ydfgv26v2gw3zlky24g00yww2-git-2.54.0",
              "default": true
            },
            {
              "name": "debug",
              "path": "/nix/store/72fyakk8w8idjbksk0h8jbkq6sgvcm85-git-2.54.0-debug"
            },
            {
              "name": "doc",
              "path": "/nix/store/l444690y78nfdwyzm6mghagl7xa97myf-git-2.54.0-doc"
            }
          ],
          "store_path": "/nix/store/bcnisk3ydfgv26v2gw3zlky24g00yww2-git-2.54.0"
        }
      }
    },
    "github:NixOS/nixpkgs/nixpkgs-unstable": {
      "last_modified": "2026-05-27T10:28:13Z",
      "resolved": "github:NixOS/nixpkgs/4100e830e085863741bc69b156ec4ccd53ab5be0?lastModified=1779877693&narHash=sha256-NOF9NAREhxr50bbBfVcVOq%2BArCMSoe8dP79Pk2uyARk%3D"
    },
    "gnumake": {
      "resolved": "github:NixOS/nixpkgs/4100e830e085863741bc69b156ec4ccd53ab5be0?narHash=sha256-NOF9NAREhxr50bbBfVcVOq%2BArCMSoe8dP79Pk2uyARk%3D#gnumake",
      "source": "nixpkg",
      "systems": {
        "x86_64-linux": {
          "outputs": [
            {
              "name": "man",
              "path": "/nix/store/bmvqa5ym318mymhxlwwmxq8wxal958p4-gnumake-4.4.1-man",
              "default": true
            },
            {
              "path": "/nix/store/d3bwqm6bymhy3pdgbvf7vxjqfp31m3j1-gnumake-4.4.1",
              "default": true
            }
          ]
        }
      }
    },
    "go": {
      "resolved": "github:NixOS/nixpkgs/4100e830e085863741bc69b156ec4ccd53ab5be0?narHash=sha256-NOF9NAREhxr50bbBfVcVOq%2BArCMSoe8dP79Pk2uyARk%3D#go",
      "source": "nixpkg",
      "systems": {
        "x86_64-linux": {
          "outputs": [
            {
              "path": "/nix/store/33fw5m31lfcnk4ff2f0df7j2bxnh8lgk-go-1.26.3",
              "default": true
            }
          ]
        }
      }
    },
    "htop": {
      "resolved": "github:NixOS/nixpkgs/4100e830e085863741bc69b156ec4ccd53ab5be0?narHash=sha256-NOF9NAREhxr50bbBfVcVOq%2BArCMSoe8dP79Pk2uyARk%3D#htop",
      "source": "nixpkg",
      "systems": {
        "x86_64-linux": {
          "outputs": [
            {
              "name": "man",
              "path": "/nix/store/3qcjf7r5k1ai8jwk9pw14g71bzymn6fj-htop-3.5.1-man",
              "default": true
            },
            {
              "path": "/nix/store/m6krqcxjpy79lz037j8dlahiwdlixv4i-htop-3.5.1",
              "default": true
            }
          ]
        }
      }
    },
    "httpie": {
      "resolved": "github:NixOS/nixpkgs/4100e830e085863741bc69b156ec4ccd53ab5be0?narHash=sha256-NOF9NAREhxr50bbBfVcVOq%2BArCMSoe8dP79Pk2uyARk%3D#httpie",
      "source": "nixpkg",
      "systems": {
        "x86_64-linux": {
          "outputs": [
            {
              "path": "/nix/store/180fl24ab5dqdhxqaq9z4as95z3ibrdj-python3.13-httpie-3.2.4",
              "default": true
            }
          ]
        }
      }
    },
    "jq": {
      "resolved": "github:NixOS/nixpkgs/4100e830e085863741bc69b156ec4ccd53ab5be0?narHash=sha256-NOF9NAREhxr50bbBfVcVOq%2BArCMSoe8dP79Pk2uyARk%3D#jq",
      "source": "nixpkg",
      "systems": {
        "x86_64-linux": {
          "outputs": [
            {
              "name": "man",
              "path": "/nix/store/ncw52xsl5hgplh8csybbp9fli64iw1aq-jq-1.8.1-man",
              "default": true
            },
            {
              "name": "bin",
              "path": "/nix/store/s04d6wm3kqjdgr7zdhlk214f6a2291ks-jq-1.8.1-bin",
              "default": true
            }
          ]
        }
      }
    },
    "just": {
      "resolved": "github:NixOS/nixpkgs/4100e830e085863741bc69b156ec4ccd53ab5be0?narHash=sha256-NOF9NAREhxr50bbBfVcVOq%2BArCMSoe8dP79Pk2uyARk%3D#just",
      "source": "nixpkg",
      "systems": {
        "x86_64-linux": {
          "outputs": [
            {
              "name": "man",
              "path": "/nix/store/p04vig0h2hj7hg5vgd74n5nphlcy23l8-just-1.51.0-man",
              "default": true
            },
            {
              "path": "/nix/store/3j32zmchv9wd60qng1mm04yj07wf04i8-just-1.51.0",
              "default": true
            }
          ]
        }
      }
    },
    "k9s": {
      "resolved": "github:NixOS/nixpkgs/4100e830e085863741bc69b156ec4ccd53ab5be0?narHash=sha256-NOF9NAREhxr50bbBfVcVOq%2BArCMSoe8dP79Pk2uyARk%3D#k9s",
      "source": "nixpkg",
      "systems": {
        "x86_64-linux": {
          "outputs": [
            {
              "path": "/nix/store/j7q6sz0f15kzli0i77p0f020107dcvs1-k9s-0.50.18",
              "default": true
            }
          ]
        }
      }
    },
    "kubectl": {
      "resolved": "github:NixOS/nixpkgs/4100e830e085863741bc69b156ec4ccd53ab5be0?narHash=sha256-NOF9NAREhxr50bbBfVcVOq%2BArCMSoe8dP79Pk2uyARk%3D#kubectl",
      "source": "nixpkg",
      "systems": {
        "x86_64-linux": {
          "outputs": [
            {
              "path": "/nix/store/hpxrpfnk0cdij0vwq0djimy9dcjl22vd-kubectl-1.36.1",
              "default": true
            },
            {
              "name": "man",
              "path": "/nix/store/wln7k2l3lglmzmaxc5s3ycbzdc793vdv-kubectl-1.36.1-man",
              "default": true
            }
          ]
        }
      }
    },
    "kubernetes-helm": {
      "resolved": "github:NixOS/nixpkgs/4100e830e085863741bc69b156ec4ccd53ab5be0?narHash=sha256-NOF9NAREhxr50bbBfVcVOq%2BArCMSoe8dP79Pk2uyARk%3D#kubernetes-helm",
      "source": "nixpkg",
      "systems": {
        "x86_64-linux": {
          "outputs": [
            {
              "path": "/nix/store/89r6lacw4snczana92k6sm8cxw61iq9k-kubernetes-helm-3.20.2",
              "default": true
            }
          ]
        }
      }
    },
    "lazygit": {
      "resolved": "github:NixOS/nixpkgs/4100e830e085863741bc69b156ec4ccd53ab5be0?narHash=sha256-NOF9NAREhxr50bbBfVcVOq%2BArCMSoe8dP79Pk2uyARk%3D#lazygit",
      "source": "nixpkg",
      "systems": {
        "x86_64-linux": {
          "outputs": [
            {
              "path": "/nix/store/5c9v4h1bwirwxw3ypgrgww5czz1ri8py-lazygit-0.62.0",
              "default": true
            }
          ]
        }
      }
    },
    "mtr": {
      "resolved": "github:NixOS/nixpkgs/4100e830e085863741bc69b156ec4ccd53ab5be0?narHash=sha256-NOF9NAREhxr50bbBfVcVOq%2BArCMSoe8dP79Pk2uyARk%3D#mtr",
      "source": "nixpkg",
      "systems": {
        "x86_64-linux": {
          "outputs": [
            {
              "name": "man",
              "path": "/nix/store/8695waz2pr1lgc9sxpdf7ygc807yjkmx-mtr-0.96-man",
              "default": true
            },
            {
              "path": "/nix/store/z97kx8kaql3vcbssw8q3c0cw2q8ddach-mtr-0.96",
              "default": true
            }
          ]
        }
      }
    },
    "ncdu": {
      "resolved": "github:NixOS/nixpkgs/4100e830e085863741bc69b156ec4ccd53ab5be0?narHash=sha256-NOF9NAREhxr50bbBfVcVOq%2BArCMSoe8dP79Pk2uyARk%3D#ncdu",
      "source": "nixpkg",
      "systems": {
        "x86_64-linux": {
          "outputs": [
            {
              "path": "/nix/store/6h8p6gnrsif2j3rvqaavlsggp1rss9dk-ncdu-2.9.2",
              "default": true
            }
          ]
        }
      }
    },
    "neovim@latest": {
      "last_modified": "2026-05-21T08:15:18Z",
      "resolved": "github:NixOS/nixpkgs/4a29d733e8a7d5b824c3d8c958a946a9867b3eb2#neovim",
      "source": "devbox-search",
      "version": "0.12.2",
      "systems": {
        "aarch64-darwin": {
          "outputs": [
            {
              "name": "out",
              "path": "/nix/store/kcaffsrfi0nvj3pb3lqclhkl0i7vdl4q-neovim-0.12.2",
              "default": true
            }
          ],
          "store_path": "/nix/store/kcaffsrfi0nvj3pb3lqclhkl0i7vdl4q-neovim-0.12.2"
        },
        "aarch64-linux": {
          "outputs": [
            {
              "name": "out",
              "path": "/nix/store/bpi01irygjkwcxr4wmgnnfxv7qnbq6qj-neovim-0.12.2",
              "default": true
            }
          ],
          "store_path": "/nix/store/bpi01irygjkwcxr4wmgnnfxv7qnbq6qj-neovim-0.12.2"
        },
        "x86_64-darwin": {
          "outputs": [
            {
              "name": "out",
              "path": "/nix/store/fxkcplk164c47dy7igfvmcs52azlzw31-neovim-0.12.2",
              "default": true
            }
          ],
          "store_path": "/nix/store/fxkcplk164c47dy7igfvmcs52azlzw31-neovim-0.12.2"
        },
        "x86_64-linux": {
          "outputs": [
            {
              "name": "out",
              "path": "/nix/store/7idwf19b7b53wn7rznqgccymyif7kmwh-neovim-0.12.2",
              "default": true
            }
          ],
          "store_path": "/nix/store/7idwf19b7b53wn7rznqgccymyif7kmwh-neovim-0.12.2"
        }
      }
    },
    "nmap": {
      "resolved": "github:NixOS/nixpkgs/4100e830e085863741bc69b156ec4ccd53ab5be0?narHash=sha256-NOF9NAREhxr50bbBfVcVOq%2BArCMSoe8dP79Pk2uyARk%3D#nmap",
      "source": "nixpkg",
      "systems": {
        "x86_64-linux": {
          "outputs": [
            {
              "path": "/nix/store/v99v03hj0vv3v064gpl2iphlvlkkhwv5-nmap-7.99",
              "default": true
            }
          ]
        }
      }
    },
    "openssl": {
      "resolved": "github:NixOS/nixpkgs/4100e830e085863741bc69b156ec4ccd53ab5be0?narHash=sha256-NOF9NAREhxr50bbBfVcVOq%2BArCMSoe8dP79Pk2uyARk%3D#openssl",
      "source": "nixpkg",
      "systems": {
        "x86_64-linux": {
          "outputs": [
            {
              "name": "man",
              "path": "/nix/store/lnqjx5rpvid4ancfjxln38bwswmpvg8y-openssl-3.6.2-man",
              "default": true
            },
            {
              "name": "bin",
              "path": "/nix/store/zyrxhd7nwmkcs11m144jagxcmddw2i41-openssl-3.6.2-bin",
              "default": true
            }
          ]
        }
      }
    },
    "opentofu": {
      "resolved": "github:NixOS/nixpkgs/4100e830e085863741bc69b156ec4ccd53ab5be0?narHash=sha256-NOF9NAREhxr50bbBfVcVOq%2BArCMSoe8dP79Pk2uyARk%3D#opentofu",
      "source": "nixpkg",
      "systems": {
        "x86_64-linux": {
          "outputs": [
            {
              "path": "/nix/store/68ywmwcax2m5x70js9lvb8w87kyp39m9-opentofu-1.12.0",
              "default": true
            }
          ]
        }
      }
    },
    "pre-commit": {
      "resolved": "github:NixOS/nixpkgs/4100e830e085863741bc69b156ec4ccd53ab5be0?narHash=sha256-NOF9NAREhxr50bbBfVcVOq%2BArCMSoe8dP79Pk2uyARk%3D#pre-commit",
      "source": "nixpkg",
      "systems": {
        "x86_64-linux": {
          "outputs": [
            {
              "path": "/nix/store/bj6i9vl34cij5h0r165y40hrjqak0bmz-pre-commit-4.5.1",
              "default": true
            }
          ]
        }
      }
    },
    "python312": {
      "plugin_version": "0.0.4",
      "resolved": "github:NixOS/nixpkgs/4100e830e085863741bc69b156ec4ccd53ab5be0?narHash=sha256-NOF9NAREhxr50bbBfVcVOq%2BArCMSoe8dP79Pk2uyARk%3D#python312",
      "source": "nixpkg",
      "systems": {
        "x86_64-linux": {
          "outputs": [
            {
              "path": "/nix/store/lpgczl8hqnjlkicsphcylqfgds7dqc13-python3-3.12.13",
              "default": true
            }
          ]
        }
      }
    },
    "python312Packages.pip": {
      "resolved": "github:NixOS/nixpkgs/4100e830e085863741bc69b156ec4ccd53ab5be0?narHash=sha256-NOF9NAREhxr50bbBfVcVOq%2BArCMSoe8dP79Pk2uyARk%3D#python312Packages.pip",
      "source": "nixpkg",
      "systems": {
        "x86_64-linux": {
          "outputs": [
            {
              "path": "/nix/store/bvvxl8gdmdv8wdk724xrb0av3wgv12z8-python3.12-pip-25.3",
              "default": true
            },
            {
              "name": "man",
              "path": "/nix/store/nk5iidl936zb45v9y6iy13jsii08jay2-python3.12-pip-25.3-man",
              "default": true
            }
          ]
        }
      }
    },
    "ripgrep": {
      "resolved": "github:NixOS/nixpkgs/4100e830e085863741bc69b156ec4ccd53ab5be0?narHash=sha256-NOF9NAREhxr50bbBfVcVOq%2BArCMSoe8dP79Pk2uyARk%3D#ripgrep",
      "source": "nixpkg",
      "systems": {
        "x86_64-linux": {
          "outputs": [
            {
              "path": "/nix/store/ixsp81bia5w1fqd2d59vwbcfqk3n5231-ripgrep-15.1.0",
              "default": true
            }
          ]
        }
      }
    },
    "rsync": {
      "resolved": "github:NixOS/nixpkgs/4100e830e085863741bc69b156ec4ccd53ab5be0?narHash=sha256-NOF9NAREhxr50bbBfVcVOq%2BArCMSoe8dP79Pk2uyARk%3D#rsync",
      "source": "nixpkg",
      "systems": {
        "x86_64-linux": {
          "outputs": [
            {
              "path": "/nix/store/qy5fwvfkys6bs30y9xczrms0xvk3a04w-rsync-3.4.1",
              "default": true
            }
          ]
        }
      }
    },
    "rustup": {
      "plugin_version": "0.0.1",
      "resolved": "github:NixOS/nixpkgs/4100e830e085863741bc69b156ec4ccd53ab5be0?narHash=sha256-NOF9NAREhxr50bbBfVcVOq%2BArCMSoe8dP79Pk2uyARk%3D#rustup",
      "source": "nixpkg",
      "systems": {
        "x86_64-linux": {
          "outputs": [
            {
              "path": "/nix/store/dpqx1vygrisrvnnwgym1226x317vqp4a-rustup-1.29.0",
              "default": true
            }
          ]
        }
      }
    },
    "shellcheck": {
      "resolved": "github:NixOS/nixpkgs/4100e830e085863741bc69b156ec4ccd53ab5be0?narHash=sha256-NOF9NAREhxr50bbBfVcVOq%2BArCMSoe8dP79Pk2uyARk%3D#shellcheck",
      "source": "nixpkg",
      "systems": {
        "x86_64-linux": {
          "outputs": [
            {
              "name": "man",
              "path": "/nix/store/0504zfbbnxm2dgnkj0pal11nv09i1g2p-shellcheck-0.11.0-man",
              "default": true
            },
            {
              "name": "bin",
              "path": "/nix/store/2lfacwyvxpllrq9jpbyz7z4v4lc3wnr9-shellcheck-0.11.0-bin",
              "default": true
            },
            {
              "name": "doc",
              "path": "/nix/store/qbmc0kv3ddridry1w7rdc124an8fk895-shellcheck-0.11.0-doc",
              "default": true
            }
          ]
        }
      }
    },
    "shfmt": {
      "resolved": "github:NixOS/nixpkgs/4100e830e085863741bc69b156ec4ccd53ab5be0?narHash=sha256-NOF9NAREhxr50bbBfVcVOq%2BArCMSoe8dP79Pk2uyARk%3D#shfmt",
      "source": "nixpkg",
      "systems": {
        "x86_64-linux": {
          "outputs": [
            {
              "path": "/nix/store/hyjd216vnfpm7md7llw5vjakd5n2xj1d-shfmt-3.13.1",
              "default": true
            }
          ]
        }
      }
    },
    "sops": {
      "resolved": "github:NixOS/nixpkgs/4100e830e085863741bc69b156ec4ccd53ab5be0?narHash=sha256-NOF9NAREhxr50bbBfVcVOq%2BArCMSoe8dP79Pk2uyARk%3D#sops",
      "source": "nixpkg",
      "systems": {
        "x86_64-linux": {
          "outputs": [
            {
              "path": "/nix/store/yzsjydzzq2vza6l136879f5cwn3ni2d5-sops-3.13.1",
              "default": true
            }
          ]
        }
      }
    },
    "tcpdump": {
      "resolved": "github:NixOS/nixpkgs/4100e830e085863741bc69b156ec4ccd53ab5be0?narHash=sha256-NOF9NAREhxr50bbBfVcVOq%2BArCMSoe8dP79Pk2uyARk%3D#tcpdump",
      "source": "nixpkg",
      "systems": {
        "x86_64-linux": {
          "outputs": [
            {
              "path": "/nix/store/658g7mzmwzlr2gglmp0hjj7602zw3ay1-tcpdump-4.99.6",
              "default": true
            }
          ]
        }
      }
    },
    "terraform": {
      "resolved": "github:NixOS/nixpkgs/4100e830e085863741bc69b156ec4ccd53ab5be0?narHash=sha256-NOF9NAREhxr50bbBfVcVOq%2BArCMSoe8dP79Pk2uyARk%3D#terraform",
      "source": "nixpkg",
      "systems": {
        "x86_64-linux": {
          "outputs": [
            {
              "path": "/nix/store/f8yvzw63qd1mc44d8bx6hq7smr7zvxnr-terraform-1.15.4",
              "default": true
            }
          ]
        }
      }
    },
    "tree": {
      "resolved": "github:NixOS/nixpkgs/4100e830e085863741bc69b156ec4ccd53ab5be0?narHash=sha256-NOF9NAREhxr50bbBfVcVOq%2BArCMSoe8dP79Pk2uyARk%3D#tree",
      "source": "nixpkg",
      "systems": {
        "x86_64-linux": {
          "outputs": [
            {
              "path": "/nix/store/2ibrz854pbkhyicbr6yyignvd2rlg4zz-tree-2.3.2",
              "default": true
            },
            {
              "name": "man",
              "path": "/nix/store/8grll7fvifsygri9dmkvmj0172p5d4sf-tree-2.3.2-man",
              "default": true
            }
          ]
        }
      }
    },
    "unzip": {
      "resolved": "github:NixOS/nixpkgs/4100e830e085863741bc69b156ec4ccd53ab5be0?narHash=sha256-NOF9NAREhxr50bbBfVcVOq%2BArCMSoe8dP79Pk2uyARk%3D#unzip",
      "source": "nixpkg",
      "systems": {
        "x86_64-linux": {
          "outputs": [
            {
              "path": "/nix/store/mhw4sjc1rz4zmb3vkdinvfm7ym96fazx-unzip-6.0",
              "default": true
            }
          ]
        }
      }
    },
    "uv": {
      "resolved": "github:NixOS/nixpkgs/4100e830e085863741bc69b156ec4ccd53ab5be0?narHash=sha256-NOF9NAREhxr50bbBfVcVOq%2BArCMSoe8dP79Pk2uyARk%3D#uv",
      "source": "nixpkg",
      "systems": {
        "x86_64-linux": {
          "outputs": [
            {
              "path": "/nix/store/hq1ygvwk5p6w6iyvfqfpvxbwjvi1b2cw-uv-0.11.16",
              "default": true
            }
          ]
        }
      }
    },
    "wget": {
      "resolved": "github:NixOS/nixpkgs/4100e830e085863741bc69b156ec4ccd53ab5be0?narHash=sha256-NOF9NAREhxr50bbBfVcVOq%2BArCMSoe8dP79Pk2uyARk%3D#wget",
      "source": "nixpkg",
      "systems": {
        "x86_64-linux": {
          "outputs": [
            {
              "name": "man",
              "path": "/nix/store/7l88zrsas43dlxx460xvs84jvkdni2yh-wget-1.25.0-man",
              "default": true
            },
            {
              "path": "/nix/store/j9izhj1pb3k07wdw2q2c1z7pw2xkrz69-wget-1.25.0",
              "default": true
            }
          ]
        }
      }
    },
    "whois": {
      "resolved": "github:NixOS/nixpkgs/4100e830e085863741bc69b156ec4ccd53ab5be0?narHash=sha256-NOF9NAREhxr50bbBfVcVOq%2BArCMSoe8dP79Pk2uyARk%3D#whois",
      "source": "nixpkg",
      "systems": {
        "x86_64-linux": {
          "outputs": [
            {
              "path": "/nix/store/zbk9dxkjlhrri20gk2swgx7yw980mwlm-whois-5.6.6",
              "default": true
            }
          ]
        }
      }
    },
    "xh": {
      "resolved": "github:NixOS/nixpkgs/4100e830e085863741bc69b156ec4ccd53ab5be0?narHash=sha256-NOF9NAREhxr50bbBfVcVOq%2BArCMSoe8dP79Pk2uyARk%3D#xh",
      "source": "nixpkg",
      "systems": {
        "x86_64-linux": {
          "outputs": [
            {
              "path": "/nix/store/m1kv9z8w9l6i3wjgjmw9cnfraf8phqrs-xh-0.25.3",
              "default": true
            }
          ]
        }
      }
    },
    "yq": {
      "resolved": "github:NixOS/nixpkgs/4100e830e085863741bc69b156ec4ccd53ab5be0?narHash=sha256-NOF9NAREhxr50bbBfVcVOq%2BArCMSoe8dP79Pk2uyARk%3D#yq",
      "source": "nixpkg",
      "systems": {
        "x86_64-linux": {
          "outputs": [
            {
              "path": "/nix/store/7jh563kddcyj954pyffmcb79vcwrn6h5-python3.13-yq-3.4.3",
              "default": true
            }
          ]
        }
      }
    },
    "zellij@latest": {
      "last_modified": "2026-05-27T10:28:13Z",
      "resolved": "github:NixOS/nixpkgs/4100e830e085863741bc69b156ec4ccd53ab5be0#zellij",
      "source": "devbox-search",
      "version": "0.44.3",
      "systems": {
        "aarch64-darwin": {
          "outputs": [
            {
              "name": "out",
              "path": "/nix/store/khnkylhynlllijm2cp2dxvy4i7vzmr8k-zellij-0.44.3",
              "default": true
            }
          ],
          "store_path": "/nix/store/khnkylhynlllijm2cp2dxvy4i7vzmr8k-zellij-0.44.3"
        },
        "aarch64-linux": {
          "outputs": [
            {
              "name": "out",
              "path": "/nix/store/bkdcwbw47fbf6pz3iywbgmcqp5yyga1a-zellij-0.44.3",
              "default": true
            }
          ],
          "store_path": "/nix/store/bkdcwbw47fbf6pz3iywbgmcqp5yyga1a-zellij-0.44.3"
        },
        "x86_64-darwin": {
          "outputs": [
            {
              "name": "out",
              "path": "/nix/store/d65d84iwgkkpqadv6g5rgqrc4kvndcsa-zellij-0.44.3",
              "default": true
            }
          ],
          "store_path": "/nix/store/d65d84iwgkkpqadv6g5rgqrc4kvndcsa-zellij-0.44.3"
        },
        "x86_64-linux": {
          "outputs": [
            {
              "name": "out",
              "path": "/nix/store/557l8d2jcfrxxwkjzvjzbi0j4wkzyklm-zellij-0.44.3",
              "default": true
            }
          ],
          "store_path": "/nix/store/557l8d2jcfrxxwkjzvjzbi0j4wkzyklm-zellij-0.44.3"
        }
      }
    },
    "zoxide": {
      "resolved": "github:NixOS/nixpkgs/4100e830e085863741bc69b156ec4ccd53ab5be0?narHash=sha256-NOF9NAREhxr50bbBfVcVOq%2BArCMSoe8dP79Pk2uyARk%3D#zoxide",
      "source": "nixpkg",
      "systems": {
        "x86_64-linux": {
          "outputs": [
            {
              "path": "/nix/store/rm4j8cv6xnmwc6ys4zdfpwamkmn8g1cd-zoxide-0.9.9",
              "default": true
            }
          ]
        }
      }
    },
    "zsh-autocomplete": {
      "resolved": "github:NixOS/nixpkgs/4100e830e085863741bc69b156ec4ccd53ab5be0?narHash=sha256-NOF9NAREhxr50bbBfVcVOq%2BArCMSoe8dP79Pk2uyARk%3D#zsh-autocomplete",
      "source": "nixpkg",
      "systems": {
        "x86_64-linux": {
          "outputs": [
            {
              "path": "/nix/store/xwdy6jsrkn6kv9ad2hik3kxpza6f413c-zsh-autocomplete-25.03.19",
              "default": true
            }
          ]
        }
      }
    },
    "zsh-autosuggestions": {
      "resolved": "github:NixOS/nixpkgs/4100e830e085863741bc69b156ec4ccd53ab5be0?narHash=sha256-NOF9NAREhxr50bbBfVcVOq%2BArCMSoe8dP79Pk2uyARk%3D#zsh-autosuggestions",
      "source": "nixpkg",
      "systems": {
        "x86_64-linux": {
          "outputs": [
            {
              "path": "/nix/store/lja33bji6aahyvpr1s82wsjnhjd0nhq0-zsh-autosuggestions-0.7.1",
              "default": true
            }
          ]
        }
      }
    },
    "zsh-syntax-highlighting": {
      "resolved": "github:NixOS/nixpkgs/4100e830e085863741bc69b156ec4ccd53ab5be0?narHash=sha256-NOF9NAREhxr50bbBfVcVOq%2BArCMSoe8dP79Pk2uyARk%3D#zsh-syntax-highlighting",
      "source": "nixpkg",
      "systems": {
        "x86_64-linux": {
          "outputs": [
            {
              "path": "/nix/store/wjfysmv7d7mc00nh8ihn26k3q40fvk1b-zsh-syntax-highlighting-0.8.0",
              "default": true
            }
          ]
        }
      }
    },
    "zsh@latest": {
      "last_modified": "2026-05-22T01:51:30Z",
      "resolved": "github:NixOS/nixpkgs/6dedf69f94d03cbe7bdde106f2d4c23ae2a853bf#zsh",
      "source": "devbox-search",
      "version": "5.9",
      "systems": {
        "aarch64-darwin": {
          "outputs": [
            {
              "name": "out",
              "path": "/nix/store/cn9bx1247d91ng6kg5v8fm078khn83vx-zsh-5.9",
              "default": true
            },
            {
              "name": "man",
              "path": "/nix/store/kp2l7aamacvpsiwbqa7mva5p58mm56j1-zsh-5.9-man",
              "default": true
            },
            {
              "name": "doc",
              "path": "/nix/store/filg7msvd3jb7i0yhzn4lala1m57zyzk-zsh-5.9-doc"
            },
            {
              "name": "info",
              "path": "/nix/store/ccywkc6nkfrf0vvm8plmdly8jc3b16wc-zsh-5.9-info"
            }
          ],
          "store_path": "/nix/store/cn9bx1247d91ng6kg5v8fm078khn83vx-zsh-5.9"
        },
        "aarch64-linux": {
          "outputs": [
            {
              "name": "out",
              "path": "/nix/store/8kd19j6n9qh9iq89d7d0xdvnsfjam1zw-zsh-5.9",
              "default": true
            },
            {
              "name": "man",
              "path": "/nix/store/6nr3jisd49zgh2zhl0qnjmq2a9hkjc97-zsh-5.9-man",
              "default": true
            },
            {
              "name": "doc",
              "path": "/nix/store/z27frlh94avy89yajw870vz1gnfyaygh-zsh-5.9-doc"
            },
            {
              "name": "info",
              "path": "/nix/store/8markq3wflbdxq3gyfg536blc53xyvf2-zsh-5.9-info"
            }
          ],
          "store_path": "/nix/store/8kd19j6n9qh9iq89d7d0xdvnsfjam1zw-zsh-5.9"
        },
        "x86_64-darwin": {
          "outputs": [
            {
              "name": "out",
              "path": "/nix/store/wjphvgb9dvwkkkfwzlgsn8fk9p4hadba-zsh-5.9",
              "default": true
            },
            {
              "name": "man",
              "path": "/nix/store/f77b1mzflq718ngncdhnf80db3a9nqwd-zsh-5.9-man",
              "default": true
            },
            {
              "name": "doc",
              "path": "/nix/store/vy3ald4lfrdzgh5kihxjhw185wglwxb1-zsh-5.9-doc"
            },
            {
              "name": "info",
              "path": "/nix/store/3cd0i36xhmhp7ycbljhcrqlvwnm6a6l7-zsh-5.9-info"
            }
          ],
          "store_path": "/nix/store/wjphvgb9dvwkkkfwzlgsn8fk9p4hadba-zsh-5.9"
        },
        "x86_64-linux": {
          "outputs": [
            {
              "name": "out",
              "path": "/nix/store/358sk8371mkz87iq17kw4qcyyi6sps0k-zsh-5.9",
              "default": true
            },
            {
              "name": "man",
              "path": "/nix/store/bpl4lnfpplxsh80xj0gsrs28ndz083d4-zsh-5.9-man",
              "default": true
            },
            {
              "name": "doc",
              "path": "/nix/store/cfllzn7v4dv1rcfv8qhrqiy94xgwfdai-zsh-5.9-doc"
            },
            {
              "name": "info",
              "path": "/nix/store/2m027fq2g09zzz5ry5qpk83vajggh3sq-zsh-5.9-info"
            }
          ],
          "store_path": "/nix/store/358sk8371mkz87iq17kw4qcyyi6sps0k-zsh-5.9"
        }
      }
    }
  }
}
